
Microsoft Visual Studio Solution File, Format Version 12.00
# Visual Studio 15
VisualStudioVersion = 15.0.26730.10
MinimumVisualStudioVersion = 10.0.40219.1
Project("{F184B08F-C81C-45F6-A57F-5ABD9991F28F}") = "GF", "GF\GF.vbproj", "{3FDC9321-3B43-40FB-98F6-D8988178F192}"
EndProject
Global
	GlobalSection(SolutionConfigurationPlatforms) = preSolution
		Debug|Any CPU = Debug|Any CPU
		Release|Any CPU = Release|Any CPU
	EndGlobalSection
	GlobalSection(ProjectConfigurationPlatforms) = postSolution
		{3FDC9321-3B43-40FB-98F6-D8988178F192}.Debug|Any CPU.ActiveCfg = Debug|Any CPU
		{3FDC9321-3B43-40FB-98F6-D8988178F192}.Debug|Any CPU.Build.0 = Debug|Any CPU
		{3FDC9321-3B43-40FB-98F6-D8988178F192}.Release|Any CPU.ActiveCfg = Release|Any CPU
		{3FDC9321-3B43-40FB-98F6-D8988178F192}.Release|Any CPU.Build.0 = Release|Any CPU
	EndGlobalSection
	GlobalSection(SolutionProperties) = preSolution
		HideSolutionNode = FALSE
	EndGlobalSection
	GlobalSection(ExtensibilityGlobals) = postSolution
		SolutionGuid = {0B57D9AB-A8D9-4EF4-AB3F-748EE3B224E8}
	EndGlobalSection
EndGlobal
